# This file is automatically @generated by Cargo.
# It is not intended for manual editing.
version = 3

[[package]]
name = "builtin"
version = "0.1.0"
source = "git+https://github.com/verus-lang/verus.git?rev=a53f39271666ac7dc9f455b6267da4c49a5f75c6#a53f39271666ac7dc9f455b6267da4c49a5f75c6"

[[package]]
name = "builtin_macros"
version = "0.1.0"
source = "git+https://github.com/verus-lang/verus.git?rev=a53f39271666ac7dc9f455b6267da4c49a5f75c6#a53f39271666ac7dc9f455b6267da4c49a5f75c6"
dependencies = [
 "prettyplease_verus",
 "proc-macro2",
 "quote",
 "syn",
 "syn_verus",
 "synstructure",
]

[[package]]
name = "prettyplease_verus"
version = "0.1.15"
source = "git+https://github.com/verus-lang/verus.git?rev=a53f39271666ac7dc9f455b6267da4c49a5f75c6#a53f39271666ac7dc9f455b6267da4c49a5f75c6"
dependencies = [
 "proc-macro2",
 "syn_verus",
]

[[package]]
name = "proc-macro2"
version = "1.0.87"
source = "registry+https://github.com/rust-lang/crates.io-index"
checksum = "b3e4daa0dcf6feba26f985457cdf104d4b4256fc5a09547140f3631bb076b19a"
dependencies = [
 "unicode-ident",
]

[[package]]
name = "quote"
version = "1.0.37"
source = "registry+https://github.com/rust-lang/crates.io-index"
checksum = "b5b9d34b8991d19d98081b46eacdd8eb58c6f2b201139f7c5f643cc155a633af"
dependencies = [
 "proc-macro2",
]

[[package]]
name = "syn"
version = "1.0.109"
source = "registry+https://github.com/rust-lang/crates.io-index"
checksum = "72b64191b275b66ffe2469e8af2c1cfe3bafa67b529ead792a6d0160888b4237"
dependencies = [
 "proc-macro2",
 "quote",
 "unicode-ident",
]

[[package]]
name = "syn_verus"
version = "1.0.95"
source = "git+https://github.com/verus-lang/verus.git?rev=a53f39271666ac7dc9f455b6267da4c49a5f75c6#a53f39271666ac7dc9f455b6267da4c49a5f75c6"
dependencies = [
 "proc-macro2",
 "quote",
 "unicode-ident",
]

[[package]]
name = "synstructure"
version = "0.12.6"
source = "registry+https://github.com/rust-lang/crates.io-index"
checksum = "f36bdaa60a83aca3921b5259d5400cbf5e90fc51931376a9bd4a0eb79aa7210f"
dependencies = [
 "proc-macro2",
 "quote",
 "syn",
 "unicode-xid",
]

[[package]]
name = "test"
version = "0.1.0"
dependencies = [
 "builtin",
 "vstd",
]

[[package]]
name = "unicode-ident"
version = "1.0.13"
source = "registry+https://github.com/rust-lang/crates.io-index"
checksum = "e91b56cd4cadaeb79bbf1a5645f6b4f8dc5bde8834ad5894a8db35fda9efa1fe"

[[package]]
name = "unicode-xid"
version = "0.2.6"
source = "registry+https://github.com/rust-lang/crates.io-index"
checksum = "ebc1c04c71510c7f702b52b7c350734c9ff1295c464a03335b00bb84fc54f853"

[[package]]
name = "vstd"
version = "0.1.0"
source = "git+https://github.com/verus-lang/verus.git?rev=a53f39271666ac7dc9f455b6267da4c49a5f75c6#a53f39271666ac7dc9f455b6267da4c49a5f75c6"
dependencies = [
 "builtin",
 "builtin_macros",
]
